<?xml version="1.0" encoding="UTF-8"?>
<Scheme
   version = "1.3">
   <BuildAction>
      <BuildActionEntries>
         <BuildActionEntry
            buildForRunning = "YES">
            <BuildableReference
               BuildableIdentifier = "primary"
               BlueprintIdentifier = "6263A371283F548700BAF1D8"
               BuildableName = "MemoryLeakPlayground.app"
               BlueprintName = "MemoryLeakPlayground"
               ReferencedContainer = "container:MemoryLeakPlayground.xcodeproj">
            </BuildableReference>
         </BuildActionEntry>
      </BuildActionEntries>
   </BuildAction>
   <LaunchAction
      useCustomWorkingDirectory = "NO"
      buildConfiguration = "Debug"
      allowLocationSimulation = "YES">
      <BuildableProductRunnable>
         <BuildableReference
            BuildableIdentifier = "primary"
            BlueprintIdentifier = "6263A371283F548700BAF1D8"
            BuildableName = "MemoryLeakPlayground.app"
            BlueprintName = "MemoryLeakPlayground"
            ReferencedContainer = "container:MemoryLeakPlayground.xcodeproj">
         </BuildableReference>
      </BuildableProductRunnable>
   </LaunchAction>
</Scheme>
